// !$*UTF8*$!
{
	archiveVersion = 1;
	classes = {
	};
	objectVersion = 46;
	objects = {

/* Begin PBXBuildFile section */
		86151AC71F301D0B00DEFC2C /* AppDelegate.m in Sources */ = {isa = PBXBuildFile; fileRef = 86151AC61F301D0B00DEFC2C /* AppDelegate.m */; };
		86151ACA1F301D0B00DEFC2C /* main.m in Sources */ = {isa = PBXBuildFile; fileRef = 86151AC91F301D0B00DEFC2C /* main.m */; };
		86151ACF1F301D0B00DEFC2C /* Assets.xcassets in Resources */ = {isa = PBXBuildFile; fileRef = 86151ACE1F301D0B00DEFC2C /* Assets.xcassets */; };
		86151AD21F301D0C00DEFC2C /* Main.storyboard in Resources */ = {isa = PBXBuildFile; fileRef = 86151AD01F301D0C00DEFC2C /* Main.storyboard */; };
		86151ADD1F301D0C00DEFC2C /* NewRestTests.m in Sources */ = {isa = PBXBuildFile; fileRef = 86151ADC1F301D0C00DEFC2C /* NewRestTests.m */; };
		86151AE81F301D0C00DEFC2C /* NewRestUITests.m in Sources */ = {isa = PBXBuildFile; fileRef = 86151AE71F301D0C00DEFC2C /* NewRestUITests.m */; };
		86151B081F301DA100DEFC2C /* NowViewController.m in Sources */ = {isa = PBXBuildFile; fileRef = 86151AF61F301DA100DEFC2C /* NowViewController.m */; };
		86151B091F301DA100DEFC2C /* NowWindowController.m in Sources */ = {isa = PBXBuildFile; fileRef = 86151AF81F301DA100DEFC2C /* NowWindowController.m */; };
		86151B0B1F301DA100DEFC2C /* RestTimer.m in Sources */ = {isa = PBXBuildFile; fileRef = 86151AFD1F301DA100DEFC2C /* RestTimer.m */; };
		86151B0E1F301DA100DEFC2C /* RightMenu.m in Sources */ = {isa = PBXBuildFile; fileRef = 86151B031F301DA100DEFC2C /* RightMenu.m */; };
		86151B0F1F301DA100DEFC2C /* ShellTool.m in Sources */ = {isa = PBXBuildFile; fileRef = 86151B051F301DA100DEFC2C /* ShellTool.m */; };
		86151B101F301DA100DEFC2C /* TimeStatusBar.m in Sources */ = {isa = PBXBuildFile; fileRef = 86151B071F301DA100DEFC2C /* TimeStatusBar.m */; };
/* End PBXBuildFile section */

/* Begin PBXContainerItemProxy section */
		86151AD91F301D0C00DEFC2C /* PBXContainerItemProxy */ = {
			isa = PBXContainerItemProxy;
			containerPortal = 86151ABA1F301D0B00DEFC2C /* Project object */;
			proxyType = 1;
			remoteGlobalIDString = 86151AC11F301D0B00DEFC2C;
			remoteInfo = NewRest;
		};
		86151AE41F301D0C00DEFC2C /* PBXContainerItemProxy */ = {
			isa = PBXContainerItemProxy;
			containerPortal = 86151ABA1F301D0B00DEFC2C /* Project object */;
			proxyType = 1;
			remoteGlobalIDString = 86151AC11F301D0B00DEFC2C;
			remoteInfo = NewRest;
		};
/* End PBXContainerItemProxy section */

/* Begin PBXFileReference section */
		86151AC21F301D0B00DEFC2C /* NewRest.app */ = {isa = PBXFileReference; explicitFileType = wrapper.application; includeInIndex = 0; path = NewRest.app; sourceTree = BUILT_PRODUCTS_DIR; };
		86151AC51F301D0B00DEFC2C /* AppDelegate.h */ = {isa = PBXFileReference; lastKnownFileType = sourcecode.c.h; path = AppDelegate.h; sourceTree = "<group>"; };
		86151AC61F301D0B00DEFC2C /* AppDelegate.m */ = {isa = PBXFileReference; lastKnownFileType = sourcecode.c.objc; path = AppDelegate.m; sourceTree = "<group>"; };
		86151AC91F301D0B00DEFC2C /* main.m */ = {isa = PBXFileReference; lastKnownFileType = sourcecode.c.objc; path = main.m; sourceTree = "<group>"; };
		86151ACE1F301D0B00DEFC2C /* Assets.xcassets */ = {isa = PBXFileReference; lastKnownFileType = folder.assetcatalog; path = Assets.xcassets; sourceTree = "<group>"; };
		86151AD11F301D0C00DEFC2C /* Base */ = {isa = PBXFileReference; lastKnownFileType = file.storyboard; name = Base; path = Base.lproj/Main.storyboard; sourceTree = "<group>"; };
		86151AD31F301D0C00DEFC2C /* Info.plist */ = {isa = PBXFileReference; lastKnownFileType = text.plist.xml; path = Info.plist; sourceTree = "<group>"; };
		86151AD81F301D0C00DEFC2C /* NewRestTests.xctest */ = {isa = PBXFileReference; explicitFileType = wrapper.cfbundle; includeInIndex = 0; path = NewRestTests.xctest; sourceTree = BUILT_PRODUCTS_DIR; };
		86151ADC1F301D0C00DEFC2C /* NewRestTests.m */ = {isa = PBXFileReference; lastKnownFileType = sourcecode.c.objc; path = NewRestTests.m; sourceTree = "<group>"; };
		86151ADE1F301D0C00DEFC2C /* Info.plist */ = {isa = PBXFileReference; lastKnownFileType = text.plist.xml; path = Info.plist; sourceTree = "<group>"; };
		86151AE31F301D0C00DEFC2C /* NewRestUITests.xctest */ = {isa = PBXFileReference; explicitFileType = wrapper.cfbundle; includeInIndex = 0; path = NewRestUITests.xctest; sourceTree = BUILT_PRODUCTS_DIR; };
		86151AE71F301D0C00DEFC2C /* NewRestUITests.m */ = {isa = PBXFileReference; lastKnownFileType = sourcecode.c.objc; path = NewRestUITests.m; sourceTree = "<group>"; };
		86151AE91F301D0C00DEFC2C /* Info.plist */ = {isa = PBXFileReference; lastKnownFileType = text.plist.xml; path = Info.plist; sourceTree = "<group>"; };
		86151AF51F301DA100DEFC2C /* NowViewController.h */ = {isa = PBXFileReference; fileEncoding = 4; lastKnownFileType = sourcecode.c.h; path = NowViewController.h; sourceTree = "<group>"; };
		86151AF61F301DA100DEFC2C /* NowViewController.m */ = {isa = PBXFileReference; fileEncoding = 4; lastKnownFileType = sourcecode.c.objc; path = NowViewController.m; sourceTree = "<group>"; };
		86151AF71F301DA100DEFC2C /* NowWindowController.h */ = {isa = PBXFileReference; fileEncoding = 4; lastKnownFileType = sourcecode.c.h; path = NowWindowController.h; sourceTree = "<group>"; };
		86151AF81F301DA100DEFC2C /* NowWindowController.m */ = {isa = PBXFileReference; fileEncoding = 4; lastKnownFileType = sourcecode.c.objc; path = NowWindowController.m; sourceTree = "<group>"; };
		86151AF91F301DA100DEFC2C /* PrefixHeader.pch */ = {isa = PBXFileReference; fileEncoding = 4; lastKnownFileType = sourcecode.c.h; path = PrefixHeader.pch; sourceTree = "<group>"; };
		86151AFC1F301DA100DEFC2C /* RestTimer.h */ = {isa = PBXFileReference; fileEncoding = 4; lastKnownFileType = sourcecode.c.h; path = RestTimer.h; sourceTree = "<group>"; };
		86151AFD1F301DA100DEFC2C /* RestTimer.m */ = {isa = PBXFileReference; fileEncoding = 4; lastKnownFileType = sourcecode.c.objc; path = RestTimer.m; sourceTree = "<group>"; };
		86151B021F301DA100DEFC2C /* RightMenu.h */ = {isa = PBXFileReference; fileEncoding = 4; lastKnownFileType = sourcecode.c.h; path = RightMenu.h; sourceTree = "<group>"; };
		86151B031F301DA100DEFC2C /* RightMenu.m */ = {isa = PBXFileReference; fileEncoding = 4; lastKnownFileType = sourcecode.c.objc; path = RightMenu.m; sourceTree = "<group>"; };
		86151B041F301DA100DEFC2C /* ShellTool.h */ = {isa = PBXFileReference; fileEncoding = 4; lastKnownFileType = sourcecode.c.h; path = ShellTool.h; sourceTree = "<group>"; };
		86151B051F301DA100DEFC2C /* ShellTool.m */ = {isa = PBXFileReference; fileEncoding = 4; lastKnownFileType = sourcecode.c.objc; path = ShellTool.m; sourceTree = "<group>"; };
		86151B061F301DA100DEFC2C /* TimeStatusBar.h */ = {isa = PBXFileReference; fileEncoding = 4; lastKnownFileType = sourcecode.c.h; path = TimeStatusBar.h; sourceTree = "<group>"; };
		86151B071F301DA100DEFC2C /* TimeStatusBar.m */ = {isa = PBXFileReference; fileEncoding = 4; lastKnownFileType = sourcecode.c.objc; path = TimeStatusBar.m; sourceTree = "<group>"; };
/* End PBXFileReference section */

/* Begin PBXFrameworksBuildPhase section */
		86151ABF1F301D0B00DEFC2C /* Frameworks */ = {
			isa = PBXFrameworksBuildPhase;
			buildActionMask = 2147483647;
			files = (
			);
			runOnlyForDeploymentPostprocessing = 0;
		};
		86151AD51F301D0C00DEFC2C /* Frameworks */ = {
			isa = PBXFrameworksBuildPhase;
			buildActionMask = 2147483647;
			files = (
			);
			runOnlyForDeploymentPostprocessing = 0;
		};
		86151AE01F301D0C00DEFC2C /* Frameworks */ = {
			isa = PBXFrameworksBuildPhase;
			buildActionMask = 2147483647;
			files = (
			);
			runOnlyForDeploymentPostprocessing = 0;
		};
/* End PBXFrameworksBuildPhase section */

/* Begin PBXGroup section */
		86151AB91F301D0B00DEFC2C = {
			isa = PBXGroup;
			children = (
				86151AC41F301D0B00DEFC2C /* NewRest */,
				86151ADB1F301D0C00DEFC2C /* NewRestTests */,
				86151AE61F301D0C00DEFC2C /* NewRestUITests */,
				86151AC31F301D0B00DEFC2C /* Products */,
			);
			sourceTree = "<group>";
		};
		86151AC31F301D0B00DEFC2C /* Products */ = {
			isa = PBXGroup;
			children = (
				86151AC21F301D0B00DEFC2C /* NewRest.app */,
				86151AD81F301D0C00DEFC2C /* NewRestTests.xctest */,
				86151AE31F301D0C00DEFC2C /* NewRestUITests.xctest */,
			);
			name = Products;
			sourceTree = "<group>";
		};
		86151AC41F301D0B00DEFC2C /* NewRest */ = {
			isa = PBXGroup;
			children = (
				86151AF51F301DA100DEFC2C /* NowViewController.h */,
				86151AF61F301DA100DEFC2C /* NowViewController.m */,
				86151AF71F301DA100DEFC2C /* NowWindowController.h */,
				86151AF81F301DA100DEFC2C /* NowWindowController.m */,
				86151AFC1F301DA100DEFC2C /* RestTimer.h */,
				86151AFD1F301DA100DEFC2C /* RestTimer.m */,
				86151B021F301DA100DEFC2C /* RightMenu.h */,
				86151B031F301DA100DEFC2C /* RightMenu.m */,
				86151B041F301DA100DEFC2C /* ShellTool.h */,
				86151B051F301DA100DEFC2C /* ShellTool.m */,
				86151B061F301DA100DEFC2C /* TimeStatusBar.h */,
				86151B071F301DA100DEFC2C /* TimeStatusBar.m */,
				86151AC51F301D0B00DEFC2C /* AppDelegate.h */,
				86151AC61F301D0B00DEFC2C /* AppDelegate.m */,
				86151ACE1F301D0B00DEFC2C /* Assets.xcassets */,
				86151AD01F301D0C00DEFC2C /* Main.storyboard */,
				86151AF91F301DA100DEFC2C /* PrefixHeader.pch */,
				86151AD31F301D0C00DEFC2C /* Info.plist */,
				86151AC81F301D0B00DEFC2C /* Supporting Files */,
			);
			path = NewRest;
			sourceTree = "<group>";
		};
		86151AC81F301D0B00DEFC2C /* Supporting Files */ = {
			isa = PBXGroup;
			children = (
				86151AC91F301D0B00DEFC2C /* main.m */,
			);
			name = "Supporting Files";
			sourceTree = "<group>";
		};
		86151ADB1F301D0C00DEFC2C /* NewRestTests */ = {
			isa = PBXGroup;
			children = (
				86151ADC1F301D0C00DEFC2C /* NewRestTests.m */,
				86151ADE1F301D0C00DEFC2C /* Info.plist */,
			);
			path = NewRestTests;
			sourceTree = "<group>";
		};
		86151AE61F301D0C00DEFC2C /* NewRestUITests */ = {
			isa = PBXGroup;
			children = (
				86151AE71F301D0C00DEFC2C /* NewRestUITests.m */,
				86151AE91F301D0C00DEFC2C /* Info.plist */,
			);
			path = NewRestUITests;
			sourceTree = "<group>";
		};
/* End PBXGroup section */

/* Begin PBXNativeTarget section */
		86151AC11F301D0B00DEFC2C /* NewRest */ = {
			isa = PBXNativeTarget;
			buildConfigurationList = 86151AEC1F301D0C00DEFC2C /* Build configuration list for PBXNativeTarget "NewRest" */;
			buildPhases = (
				86151ABE1F301D0B00DEFC2C /* Sources */,
				86151ABF1F301D0B00DEFC2C /* Frameworks */,
				86151AC01F301D0B00DEFC2C /* Resources */,
			);
			buildRules = (
			);
			dependencies = (
			);
			name = NewRest;
			productName = NewRest;
			productReference = 86151AC21F301D0B00DEFC2C /* NewRest.app */;
			productType = "com.apple.product-type.application";
		};
		86151AD71F301D0C00DEFC2C /* NewRestTests */ = {
			isa = PBXNativeTarget;
			buildConfigurationList = 86151AEF1F301D0C00DEFC2C /* Build configuration list for PBXNativeTarget "NewRestTests" */;
			buildPhases = (
				86151AD41F301D0C00DEFC2C /* Sources */,
				86151AD51F301D0C00DEFC2C /* Frameworks */,
				86151AD61F301D0C00DEFC2C /* Resources */,
			);
			buildRules = (
			);
			dependencies = (
				86151ADA1F301D0C00DEFC2C /* PBXTargetDependency */,
			);
			name = NewRestTests;
			productName = NewRestTests;
			productReference = 86151AD81F301D0C00DEFC2C /* NewRestTests.xctest */;
			productType = "com.apple.product-type.bundle.unit-test";
		};
		86151AE21F301D0C00DEFC2C /* NewRestUITests */ = {
			isa = PBXNativeTarget;
			buildConfigurationList = 86151AF21F301D0C00DEFC2C /* Build configuration list for PBXNativeTarget "NewRestUITests" */;
			buildPhases = (
				86151ADF1F301D0C00DEFC2C /* Sources */,
				86151AE01F301D0C00DEFC2C /* Frameworks */,
				86151AE11F301D0C00DEFC2C /* Resources */,
			);
			buildRules = (
			);
			dependencies = (
				86151AE51F301D0C00DEFC2C /* PBXTargetDependency */,
			);
			name = NewRestUITests;
			productName = NewRestUITests;
			productReference = 86151AE31F301D0C00DEFC2C /* NewRestUITests.xctest */;
			productType = "com.apple.product-type.bundle.ui-testing";
		};
/* End PBXNativeTarget section */

/* Begin PBXProject section */
		86151ABA1F301D0B00DEFC2C /* Project object */ = {
			isa = PBXProject;
			attributes = {
				LastUpgradeCheck = 0830;
				ORGANIZATIONNAME = "flamegrace@hotmail.com";
				TargetAttributes = {
					86151AC11F301D0B00DEFC2C = {
						CreatedOnToolsVersion = 8.3.3;
						DevelopmentTeam = PK25G5QCH4;
						ProvisioningStyle = Automatic;
					};
					86151AD71F301D0C00DEFC2C = {
						CreatedOnToolsVersion = 8.3.3;
						DevelopmentTeam = PK25G5QCH4;
						ProvisioningStyle = Automatic;
						TestTargetID = 86151AC11F301D0B00DEFC2C;
					};
					86151AE21F301D0C00DEFC2C = {
						CreatedOnToolsVersion = 8.3.3;
						DevelopmentTeam = PK25G5QCH4;
						ProvisioningStyle = Automatic;
						TestTargetID = 86151AC11F301D0B00DEFC2C;
					};
				};
			};
			buildConfigurationList = 86151ABD1F301D0B00DEFC2C /* Build configuration list for PBXProject "NewRest" */;
			compatibilityVersion = "Xcode 3.2";
			developmentRegion = English;
			hasScannedForEncodings = 0;
			knownRegions = (
				en,
				Base,
			);
			mainGroup = 86151AB91F301D0B00DEFC2C;
			productRefGroup = 86151AC31F301D0B00DEFC2C /* Products */;
			projectDirPath = "";
			projectRoot = "";
			targets = (
				86151AC11F301D0B00DEFC2C /* NewRest */,
				86151AD71F301D0C00DEFC2C /* NewRestTests */,
				86151AE21F301D0C00DEFC2C /* NewRestUITests */,
			);
		};
/* End PBXProject section */

/* Begin PBXResourcesBuildPhase section */
		86151AC01F301D0B00DEFC2C /* Resources */ = {
			isa = PBXResourcesBuildPhase;
			buildActionMask = 2147483647;
			files = (
				86151ACF1F301D0B00DEFC2C /* Assets.xcassets in Resources */,
				86151AD21F301D0C00DEFC2C /* Main.storyboard in Resources */,
			);
			runOnlyForDeploymentPostprocessing = 0;
		};
		86151AD61F301D0C00DEFC2C /* Resources */ = {
			isa = PBXResourcesBuildPhase;
			buildActionMask = 2147483647;
			files = (
			);
			runOnlyForDeploymentPostprocessing = 0;
		};
		86151AE11F301D0C00DEFC2C /* Resources */ = {
			isa = PBXResourcesBuildPhase;
			buildActionMask = 2147483647;
			files = (
			);
			runOnlyForDeploymentPostprocessing = 0;
		};
/* End PBXResourcesBuildPhase section */

/* Begin PBXSourcesBuildPhase section */
		86151ABE1F301D0B00DEFC2C /* Sources */ = {
			isa = PBXSourcesBuildPhase;
			buildActionMask = 2147483647;
			files = (
				86151B0E1F301DA100DEFC2C /* RightMenu.m in Sources */,
				86151B091F301DA100DEFC2C /* NowWindowController.m in Sources */,
				86151B0B1F301DA100DEFC2C /* RestTimer.m in Sources */,
				86151B101F301DA100DEFC2C /* TimeStatusBar.m in Sources */,
				86151ACA1F301D0B00DEFC2C /* main.m in Sources */,
				86151B0F1F301DA100DEFC2C /* ShellTool.m in Sources */,
				86151AC71F301D0B00DEFC2C /* AppDelegate.m in Sources */,
				86151B081F301DA100DEFC2C /* NowViewController.m in Sources */,
			);
			runOnlyForDeploymentPostprocessing = 0;
		};
		86151AD41F301D0C00DEFC2C /* Sources */ = {
			isa = PBXSourcesBuildPhase;
			buildActionMask = 2147483647;
			files = (
				86151ADD1F301D0C00DEFC2C /* NewRestTests.m in Sources */,
			);
			runOnlyForDeploymentPostprocessing = 0;
		};
		86151ADF1F301D0C00DEFC2C /* Sources */ = {
			isa = PBXSourcesBuildPhase;
			buildActionMask = 2147483647;
			files = (
				86151AE81F301D0C00DEFC2C /* NewRestUITests.m in Sources */,
			);
			runOnlyForDeploymentPostprocessing = 0;
		};
/* End PBXSourcesBuildPhase section */

/* Begin PBXTargetDependency section */
		86151ADA1F301D0C00DEFC2C /* PBXTargetDependency */ = {
			isa = PBXTargetDependency;
			target = 86151AC11F301D0B00DEFC2C /* NewRest */;
			targetProxy = 86151AD91F301D0C00DEFC2C /* PBXContainerItemProxy */;
		};
		86151AE51F301D0C00DEFC2C /* PBXTargetDependency */ = {
			isa = PBXTargetDependency;
			target = 86151AC11F301D0B00DEFC2C /* NewRest */;
			targetProxy = 86151AE41F301D0C00DEFC2C /* PBXContainerItemProxy */;
		};
/* End PBXTargetDependency section */

/* Begin PBXVariantGroup section */
		86151AD01F301D0C00DEFC2C /* Main.storyboard */ = {
			isa = PBXVariantGroup;
			children = (
				86151AD11F301D0C00DEFC2C /* Base */,
			);
			name = Main.storyboard;
			sourceTree = "<group>";
		};
/* End PBXVariantGroup section */

/* Begin XCBuildConfiguration section */
		86151AEA1F301D0C00DEFC2C /* Debug */ = {
			isa = XCBuildConfiguration;
			buildSettings = {
				ALWAYS_SEARCH_USER_PATHS = NO;
				CLANG_ANALYZER_NONNULL = YES;
				CLANG_ANALYZER_NUMBER_OBJECT_CONVERSION = YES_AGGRESSIVE;
				CLANG_CXX_LANGUAGE_STANDARD = "gnu++0x";
				CLANG_CXX_LIBRARY = "libc++";
				CLANG_ENABLE_MODULES = YES;
				CLANG_ENABLE_OBJC_ARC = YES;
				CLANG_WARN_BOOL_CONVERSION = YES;
				CLANG_WARN_CONSTANT_CONVERSION = YES;
				CLANG_WARN_DIRECT_OBJC_ISA_USAGE = YES_ERROR;
				CLANG_WARN_DOCUMENTATION_COMMENTS = YES;
				CLANG_WARN_EMPTY_BODY = YES;
				CLANG_WARN_ENUM_CONVERSION = YES;
				CLANG_WARN_INFINITE_RECURSION = YES;
				CLANG_WARN_INT_CONVERSION = YES;
				CLANG_WARN_OBJC_ROOT_CLASS = YES_ERROR;
				CLANG_WARN_SUSPICIOUS_MOVE = YES;
				CLANG_WARN_UNREACHABLE_CODE = YES;
				CLANG_WARN__DUPLICATE_METHOD_MATCH = YES;
				CODE_SIGN_IDENTITY = "-";
				COPY_PHASE_STRIP = NO;
				DEBUG_INFORMATION_FORMAT = dwarf;
				ENABLE_STRICT_OBJC_MSGSEND = YES;
				ENABLE_TESTABILITY = YES;
				GCC_C_LANGUAGE_STANDARD = gnu99;
				GCC_DYNAMIC_NO_PIC = NO;
				GCC_NO_COMMON_BLOCKS = YES;
				GCC_OPTIMIZATION_LEVEL = 0;
				GCC_PREPROCESSOR_DEFINITIONS = (
					"DEBUG=1",
					"$(inherited)",
				);
				GCC_WARN_64_TO_32_BIT_CONVERSION = YES;
				GCC_WARN_ABOUT_RETURN_TYPE = YES_ERROR;
				GCC_WARN_UNDECLARED_SELECTOR = YES;
				GCC_WARN_UNINITIALIZED_AUTOS = YES_AGGRESSIVE;
				GCC_WARN_UNUSED_FUNCTION = YES;
				GCC_WARN_UNUSED_VARIABLE = YES;
				MACOSX_DEPLOYMENT_TARGET = 10.12;
				MTL_ENABLE_DEBUG_INFO = YES;
				ONLY_ACTIVE_ARCH = YES;
				SDKROOT = macosx;
			};
			name = Debug;
		};
		86151AEB1F301D0C00DEFC2C /* Release */ = {
			isa = XCBuildConfiguration;
			buildSettings = {
				ALWAYS_SEARCH_USER_PATHS = NO;
				CLANG_ANALYZER_NONNULL = YES;
				CLANG_ANALYZER_NUMBER_OBJECT_CONVERSION = YES_AGGRESSIVE;
				CLANG_CXX_LANGUAGE_STANDARD = "gnu++0x";
				CLANG_CXX_LIBRARY = "libc++";
				CLANG_ENABLE_MODULES = YES;
				CLANG_ENABLE_OBJC_ARC = YES;
				CLANG_WARN_BOOL_CONVERSION = YES;
				CLANG_WARN_CONSTANT_CONVERSION = YES;
				CLANG_WARN_DIRECT_OBJC_ISA_USAGE = YES_ERROR;
				CLANG_WARN_DOCUMENTATION_COMMENTS = YES;
				CLANG_WARN_EMPTY_BODY = YES;
				CLANG_WARN_ENUM_CONVERSION = YES;
				CLANG_WARN_INFINITE_RECURSION = YES;
				CLANG_WARN_INT_CONVERSION = YES;
				CLANG_WARN_OBJC_ROOT_CLASS = YES_ERROR;
				CLANG_WARN_SUSPICIOUS_MOVE = YES;
				CLANG_WARN_UNREACHABLE_CODE = YES;
				CLANG_WARN__DUPLICATE_METHOD_MATCH = YES;
				CODE_SIGN_IDENTITY = "-";
				COPY_PHASE_STRIP = NO;
				DEBUG_INFORMATION_FORMAT = "dwarf-with-dsym";
				ENABLE_NS_ASSERTIONS = NO;
				ENABLE_STRICT_OBJC_MSGSEND = YES;
				GCC_C_LANGUAGE_STANDARD = gnu99;
				GCC_NO_COMMON_BLOCKS = YES;
				GCC_WARN_64_TO_32_BIT_CONVERSION = YES;
				GCC_WARN_ABOUT_RETURN_TYPE = YES_ERROR;
				GCC_WARN_UNDECLARED_SELECTOR = YES;
				GCC_WARN_UNINITIALIZED_AUTOS = YES_AGGRESSIVE;
				GCC_WARN_UNUSED_FUNCTION = YES;
				GCC_WARN_UNUSED_VARIABLE = YES;
				MACOSX_DEPLOYMENT_TARGET = 10.12;
				MTL_ENABLE_DEBUG_INFO = NO;
				SDKROOT = macosx;
			};
			name = Release;
		};
		86151AED1F301D0C00DEFC2C /* Debug */ = {
			isa = XCBuildConfiguration;
			buildSettings = {
				ASSETCATALOG_COMPILER_APPICON_NAME = AppIcon;
				COMBINE_HIDPI_IMAGES = YES;
				DEVELOPMENT_TEAM = PK25G5QCH4;
				GCC_PREFIX_HEADER = $PROJECT_DIR/NewRest/PrefixHeader.pch;
				INFOPLIST_FILE = NewRest/Info.plist;
				LD_RUNPATH_SEARCH_PATHS = "$(inherited) @executable_path/../Frameworks";
				PRODUCT_BUNDLE_IDENTIFIER = com.flamegrace.demo.NewRest;
				PRODUCT_NAME = "$(TARGET_NAME)";
			};
			name = Debug;
		};
		86151AEE1F301D0C00DEFC2C /* Release */ = {
			isa = XCBuildConfiguration;
			buildSettings = {
				ASSETCATALOG_COMPILER_APPICON_NAME = AppIcon;
				COMBINE_HIDPI_IMAGES = YES;
				DEVELOPMENT_TEAM = PK25G5QCH4;
				GCC_PREFIX_HEADER = $PROJECT_DIR/NewRest/PrefixHeader.pch;
				INFOPLIST_FILE = NewRest/Info.plist;
				LD_RUNPATH_SEARCH_PATHS = "$(inherited) @executable_path/../Frameworks";
				PRODUCT_BUNDLE_IDENTIFIER = com.flamegrace.demo.NewRest;
				PRODUCT_NAME = "$(TARGET_NAME)";
			};
			name = Release;
		};
		86151AF01F301D0C00DEFC2C /* Debug */ = {
			isa = XCBuildConfiguration;
			buildSettings = {
				BUNDLE_LOADER = "$(TEST_HOST)";
				COMBINE_HIDPI_IMAGES = YES;
				DEVELOPMENT_TEAM = PK25G5QCH4;
				INFOPLIST_FILE = NewRestTests/Info.plist;
				LD_RUNPATH_SEARCH_PATHS = "$(inherited) @executable_path/../Frameworks @loader_path/../Frameworks";
				PRODUCT_BUNDLE_IDENTIFIER = com.flamegrace.demo.NewRestTests;
				PRODUCT_NAME = "$(TARGET_NAME)";
				TEST_HOST = "$(BUILT_PRODUCTS_DIR)/NewRest.app/Contents/MacOS/NewRest";
			};
			name = Debug;
		};
		86151AF11F301D0C00DEFC2C /* Release */ = {
			isa = XCBuildConfiguration;
			buildSettings = {
				BUNDLE_LOADER = "$(TEST_HOST)";
				COMBINE_HIDPI_IMAGES = YES;
				DEVELOPMENT_TEAM = PK25G5QCH4;
				INFOPLIST_FILE = NewRestTests/Info.plist;
				LD_RUNPATH_SEARCH_PATHS = "$(inherited) @executable_path/../Frameworks @loader_path/../Frameworks";
				PRODUCT_BUNDLE_IDENTIFIER = com.flamegrace.demo.NewRestTests;
				PRODUCT_NAME = "$(TARGET_NAME)";
				TEST_HOST = "$(BUILT_PRODUCTS_DIR)/NewRest.app/Contents/MacOS/NewRest";
			};
			name = Release;
		};
		86151AF31F301D0C00DEFC2C /* Debug */ = {
			isa = XCBuildConfiguration;
			buildSettings = {
				COMBINE_HIDPI_IMAGES = YES;
				DEVELOPMENT_TEAM = PK25G5QCH4;
				INFOPLIST_FILE = NewRestUITests/Info.plist;
				LD_RUNPATH_SEARCH_PATHS = "$(inherited) @executable_path/../Frameworks @loader_path/../Frameworks";
				PRODUCT_BUNDLE_IDENTIFIER = com.flamegrace.demo.NewRestUITests;
				PRODUCT_NAME = "$(TARGET_NAME)";
				TEST_TARGET_NAME = NewRest;
			};
			name = Debug;
		};
		86151AF41F301D0C00DEFC2C /* Release */ = {
			isa = XCBuildConfiguration;
			buildSettings = {
				COMBINE_HIDPI_IMAGES = YES;
				DEVELOPMENT_TEAM = PK25G5QCH4;
				INFOPLIST_FILE = NewRestUITests/Info.plist;
				LD_RUNPATH_SEARCH_PATHS = "$(inherited) @executable_path/../Frameworks @loader_path/../Frameworks";
				PRODUCT_BUNDLE_IDENTIFIER = com.flamegrace.demo.NewRestUITests;
				PRODUCT_NAME = "$(TARGET_NAME)";
				TEST_TARGET_NAME = NewRest;
			};
			name = Release;
		};
/* End XCBuildConfiguration section */

/* Begin XCConfigurationList section */
		86151ABD1F301D0B00DEFC2C /* Build configuration list for PBXProject "NewRest" */ = {
			isa = XCConfigurationList;
			buildConfigurations = (
				86151AEA1F301D0C00DEFC2C /* Debug */,
				86151AEB1F301D0C00DEFC2C /* Release */,
			);
			defaultConfigurationIsVisible = 0;
			defaultConfigurationName = Release;
		};
		86151AEC1F301D0C00DEFC2C /* Build configuration list for PBXNativeTarget "NewRest" */ = {
			isa = XCConfigurationList;
			buildConfigurations = (
				86151AED1F301D0C00DEFC2C /* Debug */,
				86151AEE1F301D0C00DEFC2C /* Release */,
			);
			defaultConfigurationIsVisible = 0;
		};
		86151AEF1F301D0C00DEFC2C /* Build configuration list for PBXNativeTarget "NewRestTests" */ = {
			isa = XCConfigurationList;
			buildConfigurations = (
				86151AF01F301D0C00DEFC2C /* Debug */,
				86151AF11F301D0C00DEFC2C /* Release */,
			);
			defaultConfigurationIsVisible = 0;
		};
		86151AF21F301D0C00DEFC2C /* Build configuration list for PBXNativeTarget "NewRestUITests" */ = {
			isa = XCConfigurationList;
			buildConfigurations = (
				86151AF31F301D0C00DEFC2C /* Debug */,
				86151AF41F301D0C00DEFC2C /* Release */,
			);
			defaultConfigurationIsVisible = 0;
		};
/* End XCConfigurationList section */
	};
	rootObject = 86151ABA1F301D0B00DEFC2C /* Project object */;
}
